
Microsoft Visual Studio Solution File, Format Version 11.00
# Visual Studio 2010
Project("{8BC9CEB8-8B4A-11D0-8D11-00A0C91BC942}") = "GmailNotifierResources", "GmailNotifierResources\GmailNotifierResources.vcxproj", "{180BE722-F227-4F42-9390-DE786C777EDA}"
EndProject
Global
	GlobalSection(SolutionConfigurationPlatforms) = preSolution
		Debug|Win32 = Debug|Win32
		Release|Win32 = Release|Win32
	EndGlobalSection
	GlobalSection(ProjectConfigurationPlatforms) = postSolution
		{180BE722-F227-4F42-9390-DE786C777EDA}.Debug|Win32.ActiveCfg = Debug|Win32
		{180BE722-F227-4F42-9390-DE786C777EDA}.Debug|Win32.Build.0 = Debug|Win32
		{180BE722-F227-4F42-9390-DE786C777EDA}.Release|Win32.ActiveCfg = Release|Win32
		{180BE722-F227-4F42-9390-DE786C777EDA}.Release|Win32.Build.0 = Release|Win32
	EndGlobalSection
	GlobalSection(SolutionProperties) = preSolution
		HideSolutionNode = FALSE
	EndGlobalSection
EndGlobal
