
Microsoft Visual Studio Solution File, Format Version 11.00
# Visual Studio 2010
Project("{6141683F-8A12-4E36-9623-2EB02B2C2303}") = "GmailNotifierInstaller", "GmailNotifierInstaller\GmailNotifierInstaller.isproj", "{1E32F8F6-DAC0-42C5-B6AE-971FC9452648}"
	ProjectSection(ProjectDependencies) = postProject
		{E1889C65-9BA9-413A-AB4B-32F75F38D951} = {E1889C65-9BA9-413A-AB4B-32F75F38D951}
	EndProjectSection
EndProject
Project("{FAE04EC0-301F-11D3-BF4B-00C04F79EFBC}") = "GmailNotifier", "GmailNotifier\GmailNotifier.csproj", "{E1889C65-9BA9-413A-AB4B-32F75F38D951}"
EndProject
Global
	GlobalSection(SolutionConfigurationPlatforms) = preSolution
		CD_ROM|x86 = CD_ROM|x86
		Debug|x86 = Debug|x86
		DVD-5|x86 = DVD-5|x86
		Release|x86 = Release|x86
		SingleImage|x86 = SingleImage|x86
	EndGlobalSection
	GlobalSection(ProjectConfigurationPlatforms) = postSolution
		{1E32F8F6-DAC0-42C5-B6AE-971FC9452648}.CD_ROM|x86.ActiveCfg = CD_ROM
		{1E32F8F6-DAC0-42C5-B6AE-971FC9452648}.CD_ROM|x86.Build.0 = CD_ROM
		{1E32F8F6-DAC0-42C5-B6AE-971FC9452648}.Debug|x86.ActiveCfg = DVD-5
		{1E32F8F6-DAC0-42C5-B6AE-971FC9452648}.Debug|x86.Build.0 = DVD-5
		{1E32F8F6-DAC0-42C5-B6AE-971FC9452648}.DVD-5|x86.ActiveCfg = DVD-5
		{1E32F8F6-DAC0-42C5-B6AE-971FC9452648}.DVD-5|x86.Build.0 = DVD-5
		{1E32F8F6-DAC0-42C5-B6AE-971FC9452648}.Release|x86.ActiveCfg = SingleImage
		{1E32F8F6-DAC0-42C5-B6AE-971FC9452648}.Release|x86.Build.0 = SingleImage
		{1E32F8F6-DAC0-42C5-B6AE-971FC9452648}.SingleImage|x86.ActiveCfg = SingleImage
		{1E32F8F6-DAC0-42C5-B6AE-971FC9452648}.SingleImage|x86.Build.0 = SingleImage
		{E1889C65-9BA9-413A-AB4B-32F75F38D951}.CD_ROM|x86.ActiveCfg = Release|x86
		{E1889C65-9BA9-413A-AB4B-32F75F38D951}.CD_ROM|x86.Build.0 = Release|x86
		{E1889C65-9BA9-413A-AB4B-32F75F38D951}.Debug|x86.ActiveCfg = Debug|x86
		{E1889C65-9BA9-413A-AB4B-32F75F38D951}.Debug|x86.Build.0 = Debug|x86
		{E1889C65-9BA9-413A-AB4B-32F75F38D951}.DVD-5|x86.ActiveCfg = Debug|x86
		{E1889C65-9BA9-413A-AB4B-32F75F38D951}.DVD-5|x86.Build.0 = Debug|x86
		{E1889C65-9BA9-413A-AB4B-32F75F38D951}.Release|x86.ActiveCfg = Release|x86
		{E1889C65-9BA9-413A-AB4B-32F75F38D951}.Release|x86.Build.0 = Release|x86
		{E1889C65-9BA9-413A-AB4B-32F75F38D951}.SingleImage|x86.ActiveCfg = Release|x86
		{E1889C65-9BA9-413A-AB4B-32F75F38D951}.SingleImage|x86.Build.0 = Release|x86
	EndGlobalSection
	GlobalSection(SolutionProperties) = preSolution
		HideSolutionNode = FALSE
	EndGlobalSection
EndGlobal
